Microsoft Visual Studio Solution File, Format Version 12.00
# Visual Studio Version 17
VisualStudioVersion = 17.5.2.0
MinimumVisualStudioVersion = 10.0.40219.1
Project("{FAE04EC0-301F-11D3-BF4B-00C04F79EFBC}") = "ReminderApp.Infrastructure", "ReminderApp.Infrastructure.csproj", "{50DF9B84-CFCE-09A6-67B9-F309B56ABDDE}"
EndProject
Global
	GlobalSection(SolutionConfigurationPlatforms) = preSolution
		Debug|Any CPU = Debug|Any CPU
		Release|Any CPU = Release|Any CPU
	EndGlobalSection
	GlobalSection(ProjectConfigurationPlatforms) = postSolution
		{50DF9B84-CFCE-09A6-67B9-F309B56ABDDE}.Debug|Any CPU.ActiveCfg = Debug|Any CPU
		{50DF9B84-CFCE-09A6-67B9-F309B56ABDDE}.Debug|Any CPU.Build.0 = Debug|Any CPU
		{50DF9B84-CFCE-09A6-67B9-F309B56ABDDE}.Release|Any CPU.ActiveCfg = Release|Any CPU
		{50DF9B84-CFCE-09A6-67B9-F309B56ABDDE}.Release|Any CPU.Build.0 = Release|Any CPU
	EndGlobalSection
	GlobalSection(SolutionProperties) = preSolution
		HideSolutionNode = FALSE
	EndGlobalSection
	GlobalSection(ExtensibilityGlobals) = postSolution
		SolutionGuid = {A65B2577-73A8-4754-8DA4-03229F7D3203}
	EndGlobalSection
EndGlobal
